
Microsoft Visual Studio Solution File, Format Version 12.00
# Visual Studio Version 16
VisualStudioVersion = 16.0.30907.101
MinimumVisualStudioVersion = 10.0.40219.1
Project("{9A19103F-16F7-4668-BE54-9A1E7A4F7556}") = "DataAccess", "DataAccess\DataAccess.csproj", "{99A75DB6-5F89-462E-95F0-312AE7C0CF02}"
EndProject
Project("{9A19103F-16F7-4668-BE54-9A1E7A4F7556}") = "Business", "Business\Business.csproj", "{28DF89FB-72C0-40B6-9A13-D85800B264DA}"
EndProject
Project("{9A19103F-16F7-4668-BE54-9A1E7A4F7556}") = "Entities", "Entities\Entities.csproj", "{2409EC5C-A848-4AB1-B1B5-94C0BE5422EC}"
EndProject
Project("{9A19103F-16F7-4668-BE54-9A1E7A4F7556}") = "ConsoleUI", "ConsoleUI\ConsoleUI.csproj", "{6E2522DF-85AF-4D83-9252-00FF6FFE31A9}"
EndProject
Project("{9A19103F-16F7-4668-BE54-9A1E7A4F7556}") = "Coree", "Coree\Coree.csproj", "{48F985BE-055B-4A44-A4FA-BF22F5C4A6E7}"
EndProject
Global
	GlobalSection(SolutionConfigurationPlatforms) = preSolution
		Debug|Any CPU = Debug|Any CPU
		Release|Any CPU = Release|Any CPU
	EndGlobalSection
	GlobalSection(ProjectConfigurationPlatforms) = postSolution
		{99A75DB6-5F89-462E-95F0-312AE7C0CF02}.Debug|Any CPU.ActiveCfg = Debug|Any CPU
		{99A75DB6-5F89-462E-95F0-312AE7C0CF02}.Debug|Any CPU.Build.0 = Debug|Any CPU
		{99A75DB6-5F89-462E-95F0-312AE7C0CF02}.Release|Any CPU.ActiveCfg = Release|Any CPU
		{99A75DB6-5F89-462E-95F0-312AE7C0CF02}.Release|Any CPU.Build.0 = Release|Any CPU
		{28DF89FB-72C0-40B6-9A13-D85800B264DA}.Debug|Any CPU.ActiveCfg = Debug|Any CPU
		{28DF89FB-72C0-40B6-9A13-D85800B264DA}.Debug|Any CPU.Build.0 = Debug|Any CPU
		{28DF89FB-72C0-40B6-9A13-D85800B264DA}.Release|Any CPU.ActiveCfg = Release|Any CPU
		{28DF89FB-72C0-40B6-9A13-D85800B264DA}.Release|Any CPU.Build.0 = Release|Any CPU
		{2409EC5C-A848-4AB1-B1B5-94C0BE5422EC}.Debug|Any CPU.ActiveCfg = Debug|Any CPU
		{2409EC5C-A848-4AB1-B1B5-94C0BE5422EC}.Debug|Any CPU.Build.0 = Debug|Any CPU
		{2409EC5C-A848-4AB1-B1B5-94C0BE5422EC}.Release|Any CPU.ActiveCfg = Release|Any CPU
		{2409EC5C-A848-4AB1-B1B5-94C0BE5422EC}.Release|Any CPU.Build.0 = Release|Any CPU
		{6E2522DF-85AF-4D83-9252-00FF6FFE31A9}.Debug|Any CPU.ActiveCfg = Debug|Any CPU
		{6E2522DF-85AF-4D83-9252-00FF6FFE31A9}.Debug|Any CPU.Build.0 = Debug|Any CPU
		{6E2522DF-85AF-4D83-9252-00FF6FFE31A9}.Release|Any CPU.ActiveCfg = Release|Any CPU
		{6E2522DF-85AF-4D83-9252-00FF6FFE31A9}.Release|Any CPU.Build.0 = Release|Any CPU
		{48F985BE-055B-4A44-A4FA-BF22F5C4A6E7}.Debug|Any CPU.ActiveCfg = Debug|Any CPU
		{48F985BE-055B-4A44-A4FA-BF22F5C4A6E7}.Debug|Any CPU.Build.0 = Debug|Any CPU
		{48F985BE-055B-4A44-A4FA-BF22F5C4A6E7}.Release|Any CPU.ActiveCfg = Release|Any CPU
		{48F985BE-055B-4A44-A4FA-BF22F5C4A6E7}.Release|Any CPU.Build.0 = Release|Any CPU
	EndGlobalSection
	GlobalSection(SolutionProperties) = preSolution
		HideSolutionNode = FALSE
	EndGlobalSection
	GlobalSection(ExtensibilityGlobals) = postSolution
		SolutionGuid = {7BEBD275-3A7E-46CB-8F8F-CCCEF42C10F4}
	EndGlobalSection
EndGlobal
